
Microsoft Visual Studio Solution File, Format Version 12.00
# Visual Studio Version 16
VisualStudioVersion = 16.0.31911.196
MinimumVisualStudioVersion = 10.0.40219.1
Project("{FAE04EC0-301F-11D3-BF4B-00C04F79EFBC}") = "HotelListing", "HotelListing\HotelListing.csproj", "{46AB4528-B96B-4588-9DFE-6D89C4379DF0}"
EndProject
Global
	GlobalSection(SolutionConfigurationPlatforms) = preSolution
		Debug|Any CPU = Debug|Any CPU
		Release|Any CPU = Release|Any CPU
	EndGlobalSection
	GlobalSection(ProjectConfigurationPlatforms) = postSolution
		{46AB4528-B96B-4588-9DFE-6D89C4379DF0}.Debug|Any CPU.ActiveCfg = Debug|Any CPU
		{46AB4528-B96B-4588-9DFE-6D89C4379DF0}.Debug|Any CPU.Build.0 = Debug|Any CPU
		{46AB4528-B96B-4588-9DFE-6D89C4379DF0}.Release|Any CPU.ActiveCfg = Release|Any CPU
		{46AB4528-B96B-4588-9DFE-6D89C4379DF0}.Release|Any CPU.Build.0 = Release|Any CPU
	EndGlobalSection
	GlobalSection(SolutionProperties) = preSolution
		HideSolutionNode = FALSE
	EndGlobalSection
	GlobalSection(ExtensibilityGlobals) = postSolution
		SolutionGuid = {9286DF5D-154D-4014-9582-A8A818623A4D}
	EndGlobalSection
EndGlobal
